{
  "name": "e2e",
  "version": "1.0.0",
  "lockfileVersion": 2,
  "requires": true,
  "packages": {
    "": {
      "name": "e2e",
      "version": "1.0.0",
      "dependencies": {
        "@playwright/test": "^1.36.0"
      }
    }
  },
  "dependencies": {
    "@playwright/test": {
      "version": "1.36.0",
      "resolved": "https://registry.npmjs.org/@playwright/test/-/test-1.36.0.tgz",
      "integrity": "",
      "dev": true
    }
  }
}
